{
    "_readme": [
        "This file locks the dependencies of your project to a known state",
        "Read more about it at https://getcomposer.org/doc/01-basic-usage.md#installing-dependencies",
        "This file is @generated automatically"
    ],
    "content-hash": "4ffa29d79db70c0a8e1e94e2dc120608",
    "packages": [
        {
            "name": "ulcuber/db",
            "version": "v1.0.0",
            "source": {
                "type": "git",
                "url": "https://github.com/ulcuber/db.git",
                "reference": "2b95190921e0cd214fc8a9311b992af68b757b6d"
            },
            "dist": {
                "type": "zip",
                "url": "https://api.github.com/repos/ulcuber/db/zipball/2b95190921e0cd214fc8a9311b992af68b757b6d",
                "reference": "2b95190921e0cd214fc8a9311b992af68b757b6d",
                "shasum": ""
            },
            "type": "library",
            "autoload": {
                "psr-4": {
                    "Db\\": "src/"
                }
            },
            "authors": [
                {
                    "name": "Victor",
                    "email": "victor17011998@yandex.ru",
                    "homepage": "http://vic-vic.ru"
                }
            ],
            "description": "Mysqli helpers class",
            "keywords": [
                "mysqli"
            ],
            "support": {
                "source": "https://github.com/ulcuber/db/tree/v1.0.0",
                "issues": "https://github.com/ulcuber/db/issues"
            },
            "time": "2018-02-21T18:41:43+00:00"
        },
        {
            "name": "vlucas/phpdotenv",
            "version": "v2.5.1",
            "source": {
                "type": "git",
                "url": "https://github.com/vlucas/phpdotenv.git",
                "reference": "8abb4f9aa89ddea9d52112c65bbe8d0125e2fa8e"
            },
            "dist": {
                "type": "zip",
                "url": "https://api.github.com/repos/vlucas/phpdotenv/zipball/8abb4f9aa89ddea9d52112c65bbe8d0125e2fa8e",
                "reference": "8abb4f9aa89ddea9d52112c65bbe8d0125e2fa8e",
                "shasum": ""
            },
            "require": {
                "php": ">=5.3.9"
            },
            "require-dev": {
                "phpunit/phpunit": "^4.8.35 || ^5.0"
            },
            "type": "library",
            "extra": {
                "branch-alias": {
                    "dev-master": "2.5-dev"
                }
            },
            "autoload": {
                "psr-4": {
                    "Dotenv\\": "src/"
                }
            },
            "notification-url": "https://packagist.org/downloads/",
            "license": [
                "BSD-3-Clause"
            ],
            "authors": [
                {
                    "name": "Vance Lucas",
                    "email": "vance@vancelucas.com",
                    "homepage": "http://www.vancelucas.com"
                }
            ],
            "description": "Loads environment variables from `.env` to `getenv()`, `$_ENV` and `$_SERVER` automagically.",
            "keywords": [
                "dotenv",
                "env",
                "environment"
            ],
            "time": "2018-07-29T20:33:41+00:00"
        }
    ],
    "packages-dev": [],
    "aliases": [],
    "minimum-stability": "stable",
    "stability-flags": [],
    "prefer-stable": false,
    "prefer-lowest": false,
    "platform": [],
    "platform-dev": []
}
